
Microsoft Visual Studio Solution File, Format Version 12.00
# Visual Studio Version 17
VisualStudioVersion = 17.13.35919.96 d17.13
MinimumVisualStudioVersion = 10.0.40219.1
Project("{FAE04EC0-301F-11D3-BF4B-00C04F79EFBC}") = "BatePapoServer", "BatePapoServer\BatePapoServer.csproj", "{F3A9E3CF-B2C1-4981-AABA-E1EB45A69912}"
EndProject
Project("{FAE04EC0-301F-11D3-BF4B-00C04F79EFBC}") = "BatePapoClient", "BatePapoClient\BatePapoClient.csproj", "{776F5853-713B-4B4D-A0B1-C80EB4ABD037}"
EndProject
Global
	GlobalSection(SolutionConfigurationPlatforms) = preSolution
		Debug|Any CPU = Debug|Any CPU
		Release|Any CPU = Release|Any CPU
	EndGlobalSection
	GlobalSection(ProjectConfigurationPlatforms) = postSolution
		{F3A9E3CF-B2C1-4981-AABA-E1EB45A69912}.Debug|Any CPU.ActiveCfg = Debug|Any CPU
		{F3A9E3CF-B2C1-4981-AABA-E1EB45A69912}.Debug|Any CPU.Build.0 = Debug|Any CPU
		{F3A9E3CF-B2C1-4981-AABA-E1EB45A69912}.Release|Any CPU.ActiveCfg = Release|Any CPU
		{F3A9E3CF-B2C1-4981-AABA-E1EB45A69912}.Release|Any CPU.Build.0 = Release|Any CPU
		{776F5853-713B-4B4D-A0B1-C80EB4ABD037}.Debug|Any CPU.ActiveCfg = Debug|Any CPU
		{776F5853-713B-4B4D-A0B1-C80EB4ABD037}.Debug|Any CPU.Build.0 = Debug|Any CPU
		{776F5853-713B-4B4D-A0B1-C80EB4ABD037}.Release|Any CPU.ActiveCfg = Release|Any CPU
		{776F5853-713B-4B4D-A0B1-C80EB4ABD037}.Release|Any CPU.Build.0 = Release|Any CPU
	EndGlobalSection
	GlobalSection(SolutionProperties) = preSolution
		HideSolutionNode = FALSE
	EndGlobalSection
	GlobalSection(ExtensibilityGlobals) = postSolution
		SolutionGuid = {093B2C82-5A9C-4D59-9EC7-373C44290647}
	EndGlobalSection
EndGlobal
